<?xml version="1.0" encoding="utf-8"?>
<Project ToolsVersion="4.0" xmlns="http://schemas.microsoft.com/developer/msbuild/2003">
  <ItemGroup>
    <Filter Include="win32">
      <UniqueIdentifier>{84a8ebd7-7cf0-47f6-b75e-d441df67da40}</UniqueIdentifier>
    </Filter>
    <Filter Include="resource">
      <UniqueIdentifier>{715254bc-d70b-4ec5-bf29-467dd3ace079}</UniqueIdentifier>
    </Filter>
    <Filter Include="src">
      <UniqueIdentifier>{bb6c862e-70e9-49d9-81b7-3829a6f50471}</UniqueIdentifier>
    </Filter>
    <Filter Include="src\Controller">
      <UniqueIdentifier>{9d0d1eed-7564-481e-8032-756ac7a5613a}</UniqueIdentifier>
    </Filter>
    <Filter Include="src\Entity">
      <UniqueIdentifier>{1d9aab20-b190-4477-aa9d-2c7c35d242e1}</UniqueIdentifier>
    </Filter>
    <Filter Include="src\Layer">
      <UniqueIdentifier>{f7494e2d-9671-478e-96d0-bca3a1617ee1}</UniqueIdentifier>
    </Filter>
    <Filter Include="src\Scene">
      <UniqueIdentifier>{0fd70f64-1fc4-4e69-bea6-77475f25e841}</UniqueIdentifier>
    </Filter>
    <Filter Include="src\Util">
      <UniqueIdentifier>{af4e290e-4239-4b76-8138-e6626b509a99}</UniqueIdentifier>
    </Filter>
    <Filter Include="src\Entity\Role">
      <UniqueIdentifier>{86fa088e-7b1c-4b0a-a410-b7e32ca20a8e}</UniqueIdentifier>
    </Filter>
    <Filter Include="src\Layer\GameLayer">
      <UniqueIdentifier>{5054c4b1-26a7-44ab-aa40-6fc467d9de98}</UniqueIdentifier>
    </Filter>
    <Filter Include="src\Layer\MenuLayer">
      <UniqueIdentifier>{7167a5d2-a9f7-48a8-9dab-2db8b0f73a96}</UniqueIdentifier>
    </Filter>
    <Filter Include="src\Util\Animation">
      <UniqueIdentifier>{a2262ace-fb5b-4a7d-8ce2-161b32c5ed64}</UniqueIdentifier>
    </Filter>
    <Filter Include="src\Util\CSVParse">
      <UniqueIdentifier>{d7e6967a-caef-4171-8807-3dfaef58c104}</UniqueIdentifier>
    </Filter>
    <Filter Include="resource\Audio">
      <UniqueIdentifier>{4c67620d-d5c2-43ca-8bf5-c5becc5a8e5c}</UniqueIdentifier>
    </Filter>
    <Filter Include="resource\Buttons">
      <UniqueIdentifier>{538f2b3b-696b-4db6-b104-67f0324343be}</UniqueIdentifier>
    </Filter>
    <Filter Include="resource\Characters">
      <UniqueIdentifier>{a6b53b18-4508-47ff-9fc2-8a5901298e78}</UniqueIdentifier>
    </Filter>
    <Filter Include="resource\Fonts">
      <UniqueIdentifier>{5bdd39d0-992a-497b-9d2a-0be90b0afc4f}</UniqueIdentifier>
    </Filter>
    <Filter Include="resource\Map">
      <UniqueIdentifier>{49332dd5-aa1e-410c-810c-80c64cfd1a38}</UniqueIdentifier>
    </Filter>
    <Filter Include="resource\Other">
      <UniqueIdentifier>{3b366b87-31e9-4f39-ac75-69a57b6b2a15}</UniqueIdentifier>
    </Filter>
    <Filter Include="resource\Settings">
      <UniqueIdentifier>{c8eb2e62-09fb-47a0-a40b-091413ad3092}</UniqueIdentifier>
    </Filter>
  </ItemGroup>
  <ItemGroup>
    <ClCompile Include="main.cpp">
      <Filter>win32</Filter>
    </ClCompile>
    <ClCompile Include="..\Classes\AppDelegate.cpp">
      <Filter>src</Filter>
    </ClCompile>
    <ClCompile Include="..\Classes\Scene\MenuScene.cpp">
      <Filter>src\Scene</Filter>
    </ClCompile>
    <ClCompile Include="..\Classes\Util\Animation\AnimationUtil.cpp">
      <Filter>src\Util\Animation</Filter>
    </ClCompile>
    <ClCompile Include="..\Classes\Util\CSVParse\FileLoadUtil.cpp">
      <Filter>src\Util\CSVParse</Filter>
    </ClCompile>
    <ClCompile Include="..\Classes\Util\CSVParse\StringUtil.cpp">
      <Filter>src\Util\CSVParse</Filter>
    </ClCompile>
    <ClCompile Include="..\Classes\Layer\MenuLayer\MenuLayer.cpp">
      <Filter>src\Layer\MenuLayer</Filter>
    </ClCompile>
    <ClCompile Include="..\Classes\Scene\GameScene.cpp">
      <Filter>src\Scene</Filter>
    </ClCompile>
    <ClCompile Include="..\Classes\Layer\GameLayer\GameLayer.cpp">
      <Filter>src\Layer\GameLayer</Filter>
    </ClCompile>
    <ClCompile Include="..\Classes\Layer\GameLayer\GameManager.cpp">
      <Filter>src\Layer\GameLayer</Filter>
    </ClCompile>
    <ClCompile Include="..\Classes\Entity\Role\FSM.cpp">
      <Filter>src\Entity\Role</Filter>
    </ClCompile>
    <ClCompile Include="..\Classes\Entity\Role\Progress.cpp">
      <Filter>src\Entity\Role</Filter>
    </ClCompile>
    <ClCompile Include="..\Classes\Entity\Role\Role.cpp">
      <Filter>src\Entity\Role</Filter>
    </ClCompile>
    <ClCompile Include="..\Classes\Entity\Role\Player.cpp">
      <Filter>src\Entity\Role</Filter>
    </ClCompile>
    <ClCompile Include="..\Classes\Controller\ContactListener.cpp">
      <Filter>src\Controller</Filter>
    </ClCompile>
    <ClCompile Include="..\Classes\Controller\Controller.cpp">
      <Filter>src\Controller</Filter>
    </ClCompile>
    <ClCompile Include="..\Classes\Controller\KeyboardController.cpp">
      <Filter>src\Controller</Filter>
    </ClCompile>
    <ClCompile Include="..\Classes\Controller\RobotController.cpp">
      <Filter>src\Controller</Filter>
    </ClCompile>
    <ClCompile Include="..\Classes\Layer\GameLayer\VisibleRect.cpp">
      <Filter>src\Layer\GameLayer</Filter>
    </ClCompile>
    <ClCompile Include="..\Classes\Util\CSVParse\CSVParseUtil.cpp">
      <Filter>src\Util\CSVParse</Filter>
    </ClCompile>
  </ItemGroup>
  <ItemGroup>
    <ClInclude Include="main.h">
      <Filter>win32</Filter>
    </ClInclude>
    <ClInclude Include="..\Classes\AppDelegate.h">
      <Filter>src</Filter>
    </ClInclude>
    <ClInclude Include="..\Classes\Scene\MenuScene.h">
      <Filter>src\Scene</Filter>
    </ClInclude>
    <ClInclude Include="..\Classes\Util\Animation\AnimationUtil.h">
      <Filter>src\Util\Animation</Filter>
    </ClInclude>
    <ClInclude Include="..\Classes\Util\CSVParse\CSVParseUtil.h">
      <Filter>src\Util\CSVParse</Filter>
    </ClInclude>
    <ClInclude Include="..\Classes\Util\CSVParse\FileLoadUtil.h">
      <Filter>src\Util\CSVParse</Filter>
    </ClInclude>
    <ClInclude Include="..\Classes\Util\CSVParse\StringUtil.h">
      <Filter>src\Util\CSVParse</Filter>
    </ClInclude>
    <ClInclude Include="..\Classes\Layer\MenuLayer\MenuLayer.h">
      <Filter>src\Layer\MenuLayer</Filter>
    </ClInclude>
    <ClInclude Include="..\Classes\Scene\GameScene.h">
      <Filter>src\Scene</Filter>
    </ClInclude>
    <ClInclude Include="..\Classes\Layer\GameLayer\GameLayer.h">
      <Filter>src\Layer\GameLayer</Filter>
    </ClInclude>
    <ClInclude Include="..\Classes\Layer\GameLayer\GameManager.h">
      <Filter>src\Layer\GameLayer</Filter>
    </ClInclude>
    <ClInclude Include="..\Classes\Entity\Role\FSM.h">
      <Filter>src\Entity\Role</Filter>
    </ClInclude>
    <ClInclude Include="..\Classes\Entity\Role\Progress.h">
      <Filter>src\Entity\Role</Filter>
    </ClInclude>
    <ClInclude Include="..\Classes\Entity\Role\Role.h">
      <Filter>src\Entity\Role</Filter>
    </ClInclude>
    <ClInclude Include="..\Classes\Entity\Role\Player.h">
      <Filter>src\Entity\Role</Filter>
    </ClInclude>
    <ClInclude Include="..\Classes\Controller\ContactListener.h">
      <Filter>src\Controller</Filter>
    </ClInclude>
    <ClInclude Include="..\Classes\Controller\Controller.h">
      <Filter>src\Controller</Filter>
    </ClInclude>
    <ClInclude Include="..\Classes\Controller\ControllerListener.h">
      <Filter>src\Controller</Filter>
    </ClInclude>
    <ClInclude Include="..\Classes\Controller\KeyboardController.h">
      <Filter>src\Controller</Filter>
    </ClInclude>
    <ClInclude Include="..\Classes\Controller\RobotController.h">
      <Filter>src\Controller</Filter>
    </ClInclude>
    <ClInclude Include="..\Classes\Layer\GameLayer\VisibleRect.h">
      <Filter>src\Layer\GameLayer</Filter>
    </ClInclude>
  </ItemGroup>
  <ItemGroup>
    <ResourceCompile Include="game.rc">
      <Filter>resource</Filter>
    </ResourceCompile>
  </ItemGroup>
  <ItemGroup>
    <Image Include="..\Resources\Buttons\signExit.png">
      <Filter>resource\Buttons</Filter>
    </Image>
    <Image Include="..\Resources\Buttons\signExitEnable.png">
      <Filter>resource\Buttons</Filter>
    </Image>
    <Image Include="..\Resources\Buttons\signStart.png">
      <Filter>resource\Buttons</Filter>
    </Image>
    <Image Include="..\Resources\Buttons\signStartEnable.png">
      <Filter>resource\Buttons</Filter>
    </Image>
    <Image Include="..\Resources\Map\floor.jpg">
      <Filter>resource\Map</Filter>
    </Image>
    <Image Include="..\Resources\Characters\hero-kisi.png">
      <Filter>resource\Characters</Filter>
    </Image>
  </ItemGroup>
  <ItemGroup>
    <None Include="..\Resources\Map\floor.tmx">
      <Filter>resource\Map</Filter>
    </None>
    <None Include="..\Resources\Settings\default.plist">
      <Filter>resource\Settings</Filter>
    </None>
    <None Include="..\Resources\Characters\hero-kisi.plist">
      <Filter>resource\Characters</Filter>
    </None>
  </ItemGroup>
  <ItemGroup>
    <Font Include="..\Resources\Fonts\Marker Felt.ttf">
      <Filter>resource\Fonts</Filter>
    </Font>
  </ItemGroup>
</Project>